{
  "name": "muxic",
  "version": "1.0.0",
  "lockfileVersion": 3,
  "requires": true,
  "packages": {
    "": {
      "name": "muxic",
      "version": "1.0.0",
      "license": "ISC",
      "dependencies": {
        "youtubei.js": "^18.0.0"
      }
    },
    "node_modules/@bufbuild/protobuf": {
      "version": "2.14.0",
      "resolved": "https://registry.npmjs.org/@bufbuild/protobuf/-/protobuf-2.14.0.tgz",
      "integrity": "sha512-C3UGsiCwSprE2NKIIFA3hCDlpXTMCAXRZuEVp88L1GY36Y41+rYL5fryE+nOFhp4p4JPQvdV8PQ4DWgHgeTE+w==",
      "license": "(Apache-2.0 AND BSD-3-Clause)"
    },
    "node_modules/fflate": {
      "version": "0.8.3",
      "resolved": "https://registry.npmjs.org/fflate/-/fflate-0.8.3.tgz",
      "integrity": "sha512-tbZNuJrLwGUp3zshBtdy4W+ORxZuIh8a5ilyIEQDC5rY1f3U20JMry0Ll3WBzU58EZKsEuJFXhb5gwv8CsPvgA==",
      "license": "MIT"
    },
    "node_modules/meriyah": {
      "version": "7.3.2",
      "resolved": "https://registry.npmjs.org/meriyah/-/meriyah-7.3.2.tgz",
      "integrity": "sha512-uFPXbsoxaEd7PafMz3K/n/Z3kXz7iZBJtYU0VQB/kcV7i33+JghLTKweabLir480FUsyLz6gUIj4LW7kCQ35TA==",
      "license": "ISC",
      "engines": {
        "node": ">=20.0.0"
      }
    },
    "node_modules/youtubei.js": {
      "version": "18.0.0",
      "resolved": "https://registry.npmjs.org/youtubei.js/-/youtubei.js-18.0.0.tgz",
      "integrity": "sha512-7Tztl5QzNL4nIhiAxa4P/0C8cDDsUe0j4iaUeNiaA+ZfSe/l+HkHxXyoWlQXNW7IPi2n6AW23ysVMJLDh+AwWQ==",
      "funding": [
        "https://github.com/sponsors/LuanRT"
      ],
      "license": "MIT",
      "dependencies": {
        "@bufbuild/protobuf": "^2.0.0",
        "fflate": "^0.8.2",
        "meriyah": "^7.3.1"
      }
    }
  }
}
